// !$*UTF8*$!
{
	archiveVersion = 1;
	classes = {
	};
	objectVersion = 50;
	objects = {

/* Begin PBXBuildFile section */
		9667494A20ABC21500CE266F /* AppDelegate.swift in Sources */ = {isa = PBXBuildFile; fileRef = 9667494920ABC21500CE266F /* AppDelegate.swift */; };
		9667494C20ABC21500CE266F /* ViewController.swift in Sources */ = {isa = PBXBuildFile; fileRef = 9667494B20ABC21500CE266F /* ViewController.swift */; };
		9667494F20ABC21500CE266F /* Main.storyboard in Resources */ = {isa = PBXBuildFile; fileRef = 9667494D20ABC21500CE266F /* Main.storyboard */; };
		9667495220ABC21500CE266F /* Makeup.xcdatamodeld in Sources */ = {isa = PBXBuildFile; fileRef = 9667495020ABC21500CE266F /* Makeup.xcdatamodeld */; };
		9667495420ABC21600CE266F /* Assets.xcassets in Resources */ = {isa = PBXBuildFile; fileRef = 9667495320ABC21600CE266F /* Assets.xcassets */; };
		9667495720ABC21600CE266F /* LaunchScreen.storyboard in Resources */ = {isa = PBXBuildFile; fileRef = 9667495520ABC21600CE266F /* LaunchScreen.storyboard */; };
		9667496220ABC21600CE266F /* MakeupTests.swift in Sources */ = {isa = PBXBuildFile; fileRef = 9667496120ABC21600CE266F /* MakeupTests.swift */; };
		9667496D20ABC21600CE266F /* MakeupUITests.swift in Sources */ = {isa = PBXBuildFile; fileRef = 9667496C20ABC21600CE266F /* MakeupUITests.swift */; };
/* End PBXBuildFile section */

/* Begin PBXContainerItemProxy section */
		9667495E20ABC21600CE266F /* PBXContainerItemProxy */ = {
			isa = PBXContainerItemProxy;
			containerPortal = 9667493E20ABC21500CE266F /* Project object */;
			proxyType = 1;
			remoteGlobalIDString = 9667494520ABC21500CE266F;
			remoteInfo = Makeup;
		};
		9667496920ABC21600CE266F /* PBXContainerItemProxy */ = {
			isa = PBXContainerItemProxy;
			containerPortal = 9667493E20ABC21500CE266F /* Project object */;
			proxyType = 1;
			remoteGlobalIDString = 9667494520ABC21500CE266F;
			remoteInfo = Makeup;
		};
/* End PBXContainerItemProxy section */

/* Begin PBXFileReference section */
		9667494620ABC21500CE266F /* Makeup.app */ = {isa = PBXFileReference; explicitFileType = wrapper.application; includeInIndex = 0; path = Makeup.app; sourceTree = BUILT_PRODUCTS_DIR; };
		9667494920ABC21500CE266F /* AppDelegate.swift */ = {isa = PBXFileReference; lastKnownFileType = sourcecode.swift; path = AppDelegate.swift; sourceTree = "<group>"; };
		9667494B20ABC21500CE266F /* ViewController.swift */ = {isa = PBXFileReference; lastKnownFileType = sourcecode.swift; path = ViewController.swift; sourceTree = "<group>"; };
		9667494E20ABC21500CE266F /* Base */ = {isa = PBXFileReference; lastKnownFileType = file.storyboard; name = Base; path = Base.lproj/Main.storyboard; sourceTree = "<group>"; };
		9667495120ABC21500CE266F /* Makeup.xcdatamodel */ = {isa = PBXFileReference; lastKnownFileType = wrapper.xcdatamodel; path = Makeup.xcdatamodel; sourceTree = "<group>"; };
		9667495320ABC21600CE266F /* Assets.xcassets */ = {isa = PBXFileReference; lastKnownFileType = folder.assetcatalog; path = Assets.xcassets; sourceTree = "<group>"; };
		9667495620ABC21600CE266F /* Base */ = {isa = PBXFileReference; lastKnownFileType = file.storyboard; name = Base; path = Base.lproj/LaunchScreen.storyboard; sourceTree = "<group>"; };
		9667495820ABC21600CE266F /* Info.plist */ = {isa = PBXFileReference; lastKnownFileType = text.plist.xml; path = Info.plist; sourceTree = "<group>"; };
		9667495D20ABC21600CE266F /* MakeupTests.xctest */ = {isa = PBXFileReference; explicitFileType = wrapper.cfbundle; includeInIndex = 0; path = MakeupTests.xctest; sourceTree = BUILT_PRODUCTS_DIR; };
		9667496120ABC21600CE266F /* MakeupTests.swift */ = {isa = PBXFileReference; lastKnownFileType = sourcecode.swift; path = MakeupTests.swift; sourceTree = "<group>"; };
		9667496320ABC21600CE266F /* Info.plist */ = {isa = PBXFileReference; lastKnownFileType = text.plist.xml; path = Info.plist; sourceTree = "<group>"; };
		9667496820ABC21600CE266F /* MakeupUITests.xctest */ = {isa = PBXFileReference; explicitFileType = wrapper.cfbundle; includeInIndex = 0; path = MakeupUITests.xctest; sourceTree = BUILT_PRODUCTS_DIR; };
		9667496C20ABC21600CE266F /* MakeupUITests.swift */ = {isa = PBXFileReference; lastKnownFileType = sourcecode.swift; path = MakeupUITests.swift; sourceTree = "<group>"; };
		9667496E20ABC21600CE266F /* Info.plist */ = {isa = PBXFileReference; lastKnownFileType = text.plist.xml; path = Info.plist; sourceTree = "<group>"; };
/* End PBXFileReference section */

/* Begin PBXFrameworksBuildPhase section */
		9667494320ABC21500CE266F /* Frameworks */ = {
			isa = PBXFrameworksBuildPhase;
			buildActionMask = 2147483647;
			files = (
			);
			runOnlyForDeploymentPostprocessing = 0;
		};
		9667495A20ABC21600CE266F /* Frameworks */ = {
			isa = PBXFrameworksBuildPhase;
			buildActionMask = 2147483647;
			files = (
			);
			runOnlyForDeploymentPostprocessing = 0;
		};
		9667496520ABC21600CE266F /* Frameworks */ = {
			isa = PBXFrameworksBuildPhase;
			buildActionMask = 2147483647;
			files = (
			);
			runOnlyForDeploymentPostprocessing = 0;
		};
/* End PBXFrameworksBuildPhase section */

/* Begin PBXGroup section */
		9667493D20ABC21500CE266F = {
			isa = PBXGroup;
			children = (
				9667494820ABC21500CE266F /* Makeup */,
				9667496020ABC21600CE266F /* MakeupTests */,
				9667496B20ABC21600CE266F /* MakeupUITests */,
				9667494720ABC21500CE266F /* Products */,
			);
			sourceTree = "<group>";
		};
		9667494720ABC21500CE266F /* Products */ = {
			isa = PBXGroup;
			children = (
				9667494620ABC21500CE266F /* Makeup.app */,
				9667495D20ABC21600CE266F /* MakeupTests.xctest */,
				9667496820ABC21600CE266F /* MakeupUITests.xctest */,
			);
			name = Products;
			sourceTree = "<group>";
		};
		9667494820ABC21500CE266F /* Makeup */ = {
			isa = PBXGroup;
			children = (
				9667494920ABC21500CE266F /* AppDelegate.swift */,
				9667494B20ABC21500CE266F /* ViewController.swift */,
				9667494D20ABC21500CE266F /* Main.storyboard */,
				9667495320ABC21600CE266F /* Assets.xcassets */,
				9667495520ABC21600CE266F /* LaunchScreen.storyboard */,
				9667495820ABC21600CE266F /* Info.plist */,
				9667495020ABC21500CE266F /* Makeup.xcdatamodeld */,
			);
			path = Makeup;
			sourceTree = "<group>";
		};
		9667496020ABC21600CE266F /* MakeupTests */ = {
			isa = PBXGroup;
			children = (
				9667496120ABC21600CE266F /* MakeupTests.swift */,
				9667496320ABC21600CE266F /* Info.plist */,
			);
			path = MakeupTests;
			sourceTree = "<group>";
		};
		9667496B20ABC21600CE266F /* MakeupUITests */ = {
			isa = PBXGroup;
			children = (
				9667496C20ABC21600CE266F /* MakeupUITests.swift */,
				9667496E20ABC21600CE266F /* Info.plist */,
			);
			path = MakeupUITests;
			sourceTree = "<group>";
		};
/* End PBXGroup section */

/* Begin PBXNativeTarget section */
		9667494520ABC21500CE266F /* Makeup */ = {
			isa = PBXNativeTarget;
			buildConfigurationList = 9667497120ABC21600CE266F /* Build configuration list for PBXNativeTarget "Makeup" */;
			buildPhases = (
				9667494220ABC21500CE266F /* Sources */,
				9667494320ABC21500CE266F /* Frameworks */,
				9667494420ABC21500CE266F /* Resources */,
			);
			buildRules = (
			);
			dependencies = (
			);
			name = Makeup;
			productName = Makeup;
			productReference = 9667494620ABC21500CE266F /* Makeup.app */;
			productType = "com.apple.product-type.application";
		};
		9667495C20ABC21600CE266F /* MakeupTests */ = {
			isa = PBXNativeTarget;
			buildConfigurationList = 9667497420ABC21600CE266F /* Build configuration list for PBXNativeTarget "MakeupTests" */;
			buildPhases = (
				9667495920ABC21600CE266F /* Sources */,
				9667495A20ABC21600CE266F /* Frameworks */,
				9667495B20ABC21600CE266F /* Resources */,
			);
			buildRules = (
			);
			dependencies = (
				9667495F20ABC21600CE266F /* PBXTargetDependency */,
			);
			name = MakeupTests;
			productName = MakeupTests;
			productReference = 9667495D20ABC21600CE266F /* MakeupTests.xctest */;
			productType = "com.apple.product-type.bundle.unit-test";
		};
		9667496720ABC21600CE266F /* MakeupUITests */ = {
			isa = PBXNativeTarget;
			buildConfigurationList = 9667497720ABC21600CE266F /* Build configuration list for PBXNativeTarget "MakeupUITests" */;
			buildPhases = (
				9667496420ABC21600CE266F /* Sources */,
				9667496520ABC21600CE266F /* Frameworks */,
				9667496620ABC21600CE266F /* Resources */,
			);
			buildRules = (
			);
			dependencies = (
				9667496A20ABC21600CE266F /* PBXTargetDependency */,
			);
			name = MakeupUITests;
			productName = MakeupUITests;
			productReference = 9667496820ABC21600CE266F /* MakeupUITests.xctest */;
			productType = "com.apple.product-type.bundle.ui-testing";
		};
/* End PBXNativeTarget section */

/* Begin PBXProject section */
		9667493E20ABC21500CE266F /* Project object */ = {
			isa = PBXProject;
			attributes = {
				LastSwiftUpdateCheck = 0930;
				LastUpgradeCheck = 0930;
				ORGANIZATIONNAME = "Savannah Pyle";
				TargetAttributes = {
					9667494520ABC21500CE266F = {
						CreatedOnToolsVersion = 9.3.1;
					};
					9667495C20ABC21600CE266F = {
						CreatedOnToolsVersion = 9.3.1;
						TestTargetID = 9667494520ABC21500CE266F;
					};
					9667496720ABC21600CE266F = {
						CreatedOnToolsVersion = 9.3.1;
						TestTargetID = 9667494520ABC21500CE266F;
					};
				};
			};
			buildConfigurationList = 9667494120ABC21500CE266F /* Build configuration list for PBXProject "Makeup" */;
			compatibilityVersion = "Xcode 9.3";
			developmentRegion = en;
			hasScannedForEncodings = 0;
			knownRegions = (
				en,
				Base,
			);
			mainGroup = 9667493D20ABC21500CE266F;
			productRefGroup = 9667494720ABC21500CE266F /* Products */;
			projectDirPath = "";
			projectRoot = "";
			targets = (
				9667494520ABC21500CE266F /* Makeup */,
				9667495C20ABC21600CE266F /* MakeupTests */,
				9667496720ABC21600CE266F /* MakeupUITests */,
			);
		};
/* End PBXProject section */

/* Begin PBXResourcesBuildPhase section */
		9667494420ABC21500CE266F /* Resources */ = {
			isa = PBXResourcesBuildPhase;
			buildActionMask = 2147483647;
			files = (
				9667495720ABC21600CE266F /* LaunchScreen.storyboard in Resources */,
				9667495420ABC21600CE266F /* Assets.xcassets in Resources */,
				9667494F20ABC21500CE266F /* Main.storyboard in Resources */,
			);
			runOnlyForDeploymentPostprocessing = 0;
		};
		9667495B20ABC21600CE266F /* Resources */ = {
			isa = PBXResourcesBuildPhase;
			buildActionMask = 2147483647;
			files = (
			);
			runOnlyForDeploymentPostprocessing = 0;
		};
		9667496620ABC21600CE266F /* Resources */ = {
			isa = PBXResourcesBuildPhase;
			buildActionMask = 2147483647;
			files = (
			);
			runOnlyForDeploymentPostprocessing = 0;
		};
/* End PBXResourcesBuildPhase section */

/* Begin PBXSourcesBuildPhase section */
		9667494220ABC21500CE266F /* Sources */ = {
			isa = PBXSourcesBuildPhase;
			buildActionMask = 2147483647;
			files = (
				9667494C20ABC21500CE266F /* ViewController.swift in Sources */,
				9667494A20ABC21500CE266F /* AppDelegate.swift in Sources */,
				9667495220ABC21500CE266F /* Makeup.xcdatamodeld in Sources */,
			);
			runOnlyForDeploymentPostprocessing = 0;
		};
		9667495920ABC21600CE266F /* Sources */ = {
			isa = PBXSourcesBuildPhase;
			buildActionMask = 2147483647;
			files = (
				9667496220ABC21600CE266F /* MakeupTests.swift in Sources */,
			);
			runOnlyForDeploymentPostprocessing = 0;
		};
		9667496420ABC21600CE266F /* Sources */ = {
			isa = PBXSourcesBuildPhase;
			buildActionMask = 2147483647;
			files = (
				9667496D20ABC21600CE266F /* MakeupUITests.swift in Sources */,
			);
			runOnlyForDeploymentPostprocessing = 0;
		};
/* End PBXSourcesBuildPhase section */

/* Begin PBXTargetDependency section */
		9667495F20ABC21600CE266F /* PBXTargetDependency */ = {
			isa = PBXTargetDependency;
			target = 9667494520ABC21500CE266F /* Makeup */;
			targetProxy = 9667495E20ABC21600CE266F /* PBXContainerItemProxy */;
		};
		9667496A20ABC21600CE266F /* PBXTargetDependency */ = {
			isa = PBXTargetDependency;
			target = 9667494520ABC21500CE266F /* Makeup */;
			targetProxy = 9667496920ABC21600CE266F /* PBXContainerItemProxy */;
		};
/* End PBXTargetDependency section */

/* Begin PBXVariantGroup section */
		9667494D20ABC21500CE266F /* Main.storyboard */ = {
			isa = PBXVariantGroup;
			children = (
				9667494E20ABC21500CE266F /* Base */,
			);
			name = Main.storyboard;
			sourceTree = "<group>";
		};
		9667495520ABC21600CE266F /* LaunchScreen.storyboard */ = {
			isa = PBXVariantGroup;
			children = (
				9667495620ABC21600CE266F /* Base */,
			);
			name = LaunchScreen.storyboard;
			sourceTree = "<group>";
		};
/* End PBXVariantGroup section */

/* Begin XCBuildConfiguration section */
		9667496F20ABC21600CE266F /* Debug */ = {
			isa = XCBuildConfiguration;
			buildSettings = {
				ALWAYS_SEARCH_USER_PATHS = NO;
				CLANG_ANALYZER_NONNULL = YES;
				CLANG_ANALYZER_NUMBER_OBJECT_CONVERSION = YES_AGGRESSIVE;
				CLANG_CXX_LANGUAGE_STANDARD = "gnu++14";
				CLANG_CXX_LIBRARY = "libc++";
				CLANG_ENABLE_MODULES = YES;
				CLANG_ENABLE_OBJC_ARC = YES;
				CLANG_ENABLE_OBJC_WEAK = YES;
				CLANG_WARN_BLOCK_CAPTURE_AUTORELEASING = YES;
				CLANG_WARN_BOOL_CONVERSION = YES;
				CLANG_WARN_COMMA = YES;
				CLANG_WARN_CONSTANT_CONVERSION = YES;
				CLANG_WARN_DEPRECATED_OBJC_IMPLEMENTATIONS = YES;
				CLANG_WARN_DIRECT_OBJC_ISA_USAGE = YES_ERROR;
				CLANG_WARN_DOCUMENTATION_COMMENTS = YES;
				CLANG_WARN_EMPTY_BODY = YES;
				CLANG_WARN_ENUM_CONVERSION = YES;
				CLANG_WARN_INFINITE_RECURSION = YES;
				CLANG_WARN_INT_CONVERSION = YES;
				CLANG_WARN_NON_LITERAL_NULL_CONVERSION = YES;
				CLANG_WARN_OBJC_IMPLICIT_RETAIN_SELF = YES;
				CLANG_WARN_OBJC_LITERAL_CONVERSION = YES;
				CLANG_WARN_OBJC_ROOT_CLASS = YES_ERROR;
				CLANG_WARN_RANGE_LOOP_ANALYSIS = YES;
				CLANG_WARN_STRICT_PROTOTYPES = YES;
				CLANG_WARN_SUSPICIOUS_MOVE = YES;
				CLANG_WARN_UNGUARDED_AVAILABILITY = YES_AGGRESSIVE;
				CLANG_WARN_UNREACHABLE_CODE = YES;
				CLANG_WARN__DUPLICATE_METHOD_MATCH = YES;
				CODE_SIGN_IDENTITY = "iPhone Developer";
				COPY_PHASE_STRIP = NO;
				DEBUG_INFORMATION_FORMAT = dwarf;
				ENABLE_STRICT_OBJC_MSGSEND = YES;
				ENABLE_TESTABILITY = YES;
				GCC_C_LANGUAGE_STANDARD = gnu11;
				GCC_DYNAMIC_NO_PIC = NO;
				GCC_NO_COMMON_BLOCKS = YES;
				GCC_OPTIMIZATION_LEVEL = 0;
				GCC_PREPROCESSOR_DEFINITIONS = (
					"DEBUG=1",
					"$(inherited)",
				);
				GCC_WARN_64_TO_32_BIT_CONVERSION = YES;
				GCC_WARN_ABOUT_RETURN_TYPE = YES_ERROR;
				GCC_WARN_UNDECLARED_SELECTOR = YES;
				GCC_WARN_UNINITIALIZED_AUTOS = YES_AGGRESSIVE;
				GCC_WARN_UNUSED_FUNCTION = YES;
				GCC_WARN_UNUSED_VARIABLE = YES;
				IPHONEOS_DEPLOYMENT_TARGET = 11.3;
				MTL_ENABLE_DEBUG_INFO = YES;
				ONLY_ACTIVE_ARCH = YES;
				SDKROOT = iphoneos;
				SWIFT_ACTIVE_COMPILATION_CONDITIONS = DEBUG;
				SWIFT_OPTIMIZATION_LEVEL = "-Onone";
			};
			name = Debug;
		};
		9667497020ABC21600CE266F /* Release */ = {
			isa = XCBuildConfiguration;
			buildSettings = {
				ALWAYS_SEARCH_USER_PATHS = NO;
				CLANG_ANALYZER_NONNULL = YES;
				CLANG_ANALYZER_NUMBER_OBJECT_CONVERSION = YES_AGGRESSIVE;
				CLANG_CXX_LANGUAGE_STANDARD = "gnu++14";
				CLANG_CXX_LIBRARY = "libc++";
				CLANG_ENABLE_MODULES = YES;
				CLANG_ENABLE_OBJC_ARC = YES;
				CLANG_ENABLE_OBJC_WEAK = YES;
				CLANG_WARN_BLOCK_CAPTURE_AUTORELEASING = YES;
				CLANG_WARN_BOOL_CONVERSION = YES;
				CLANG_WARN_COMMA = YES;
				CLANG_WARN_CONSTANT_CONVERSION = YES;
				CLANG_WARN_DEPRECATED_OBJC_IMPLEMENTATIONS = YES;
				CLANG_WARN_DIRECT_OBJC_ISA_USAGE = YES_ERROR;
				CLANG_WARN_DOCUMENTATION_COMMENTS = YES;
				CLANG_WARN_EMPTY_BODY = YES;
				CLANG_WARN_ENUM_CONVERSION = YES;
				CLANG_WARN_INFINITE_RECURSION = YES;
				CLANG_WARN_INT_CONVERSION = YES;
				CLANG_WARN_NON_LITERAL_NULL_CONVERSION = YES;
				CLANG_WARN_OBJC_IMPLICIT_RETAIN_SELF = YES;
				CLANG_WARN_OBJC_LITERAL_CONVERSION = YES;
				CLANG_WARN_OBJC_ROOT_CLASS = YES_ERROR;
				CLANG_WARN_RANGE_LOOP_ANALYSIS = YES;
				CLANG_WARN_STRICT_PROTOTYPES = YES;
				CLANG_WARN_SUSPICIOUS_MOVE = YES;
				CLANG_WARN_UNGUARDED_AVAILABILITY = YES_AGGRESSIVE;
				CLANG_WARN_UNREACHABLE_CODE = YES;
				CLANG_WARN__DUPLICATE_METHOD_MATCH = YES;
				CODE_SIGN_IDENTITY = "iPhone Developer";
				COPY_PHASE_STRIP = NO;
				DEBUG_INFORMATION_FORMAT = "dwarf-with-dsym";
				ENABLE_NS_ASSERTIONS = NO;
				ENABLE_STRICT_OBJC_MSGSEND = YES;
				GCC_C_LANGUAGE_STANDARD = gnu11;
				GCC_NO_COMMON_BLOCKS = YES;
				GCC_WARN_64_TO_32_BIT_CONVERSION = YES;
				GCC_WARN_ABOUT_RETURN_TYPE = YES_ERROR;
				GCC_WARN_UNDECLARED_SELECTOR = YES;
				GCC_WARN_UNINITIALIZED_AUTOS = YES_AGGRESSIVE;
				GCC_WARN_UNUSED_FUNCTION = YES;
				GCC_WARN_UNUSED_VARIABLE = YES;
				IPHONEOS_DEPLOYMENT_TARGET = 11.3;
				MTL_ENABLE_DEBUG_INFO = NO;
				SDKROOT = iphoneos;
				SWIFT_COMPILATION_MODE = wholemodule;
				SWIFT_OPTIMIZATION_LEVEL = "-O";
				VALIDATE_PRODUCT = YES;
			};
			name = Release;
		};
		9667497220ABC21600CE266F /* Debug */ = {
			isa = XCBuildConfiguration;
			buildSettings = {
				ASSETCATALOG_COMPILER_APPICON_NAME = AppIcon;
				CODE_SIGN_STYLE = Automatic;
				INFOPLIST_FILE = Makeup/Info.plist;
				LD_RUNPATH_SEARCH_PATHS = (
					"$(inherited)",
					"@executable_path/Frameworks",
				);
				PRODUCT_BUNDLE_IDENTIFIER = savannah.pyle.Makeup;
				PRODUCT_NAME = "$(TARGET_NAME)";
				SWIFT_VERSION = 4.0;
				TARGETED_DEVICE_FAMILY = "1,2";
			};
			name = Debug;
		};
		9667497320ABC21600CE266F /* Release */ = {
			isa = XCBuildConfiguration;
			buildSettings = {
				ASSETCATALOG_COMPILER_APPICON_NAME = AppIcon;
				CODE_SIGN_STYLE = Automatic;
				INFOPLIST_FILE = Makeup/Info.plist;
				LD_RUNPATH_SEARCH_PATHS = (
					"$(inherited)",
					"@executable_path/Frameworks",
				);
				PRODUCT_BUNDLE_IDENTIFIER = savannah.pyle.Makeup;
				PRODUCT_NAME = "$(TARGET_NAME)";
				SWIFT_VERSION = 4.0;
				TARGETED_DEVICE_FAMILY = "1,2";
			};
			name = Release;
		};
		9667497520ABC21600CE266F /* Debug */ = {
			isa = XCBuildConfiguration;
			buildSettings = {
				ALWAYS_EMBED_SWIFT_STANDARD_LIBRARIES = YES;
				BUNDLE_LOADER = "$(TEST_HOST)";
				CODE_SIGN_STYLE = Automatic;
				INFOPLIST_FILE = MakeupTests/Info.plist;
				LD_RUNPATH_SEARCH_PATHS = (
					"$(inherited)",
					"@executable_path/Frameworks",
					"@loader_path/Frameworks",
				);
				PRODUCT_BUNDLE_IDENTIFIER = savannah.pyle.MakeupTests;
				PRODUCT_NAME = "$(TARGET_NAME)";
				SWIFT_VERSION = 4.0;
				TARGETED_DEVICE_FAMILY = "1,2";
				TEST_HOST = "$(BUILT_PRODUCTS_DIR)/Makeup.app/Makeup";
			};
			name = Debug;
		};
		9667497620ABC21600CE266F /* Release */ = {
			isa = XCBuildConfiguration;
			buildSettings = {
				ALWAYS_EMBED_SWIFT_STANDARD_LIBRARIES = YES;
				BUNDLE_LOADER = "$(TEST_HOST)";
				CODE_SIGN_STYLE = Automatic;
				INFOPLIST_FILE = MakeupTests/Info.plist;
				LD_RUNPATH_SEARCH_PATHS = (
					"$(inherited)",
					"@executable_path/Frameworks",
					"@loader_path/Frameworks",
				);
				PRODUCT_BUNDLE_IDENTIFIER = savannah.pyle.MakeupTests;
				PRODUCT_NAME = "$(TARGET_NAME)";
				SWIFT_VERSION = 4.0;
				TARGETED_DEVICE_FAMILY = "1,2";
				TEST_HOST = "$(BUILT_PRODUCTS_DIR)/Makeup.app/Makeup";
			};
			name = Release;
		};
		9667497820ABC21600CE266F /* Debug */ = {
			isa = XCBuildConfiguration;
			buildSettings = {
				ALWAYS_EMBED_SWIFT_STANDARD_LIBRARIES = YES;
				CODE_SIGN_STYLE = Automatic;
				INFOPLIST_FILE = MakeupUITests/Info.plist;
				LD_RUNPATH_SEARCH_PATHS = (
					"$(inherited)",
					"@executable_path/Frameworks",
					"@loader_path/Frameworks",
				);
				PRODUCT_BUNDLE_IDENTIFIER = savannah.pyle.MakeupUITests;
				PRODUCT_NAME = "$(TARGET_NAME)";
				SWIFT_VERSION = 4.0;
				TARGETED_DEVICE_FAMILY = "1,2";
				TEST_TARGET_NAME = Makeup;
			};
			name = Debug;
		};
		9667497920ABC21600CE266F /* Release */ = {
			isa = XCBuildConfiguration;
			buildSettings = {
				ALWAYS_EMBED_SWIFT_STANDARD_LIBRARIES = YES;
				CODE_SIGN_STYLE = Automatic;
				INFOPLIST_FILE = MakeupUITests/Info.plist;
				LD_RUNPATH_SEARCH_PATHS = (
					"$(inherited)",
					"@executable_path/Frameworks",
					"@loader_path/Frameworks",
				);
				PRODUCT_BUNDLE_IDENTIFIER = savannah.pyle.MakeupUITests;
				PRODUCT_NAME = "$(TARGET_NAME)";
				SWIFT_VERSION = 4.0;
				TARGETED_DEVICE_FAMILY = "1,2";
				TEST_TARGET_NAME = Makeup;
			};
			name = Release;
		};
/* End XCBuildConfiguration section */

/* Begin XCConfigurationList section */
		9667494120ABC21500CE266F /* Build configuration list for PBXProject "Makeup" */ = {
			isa = XCConfigurationList;
			buildConfigurations = (
				9667496F20ABC21600CE266F /* Debug */,
				9667497020ABC21600CE266F /* Release */,
			);
			defaultConfigurationIsVisible = 0;
			defaultConfigurationName = Release;
		};
		9667497120ABC21600CE266F /* Build configuration list for PBXNativeTarget "Makeup" */ = {
			isa = XCConfigurationList;
			buildConfigurations = (
				9667497220ABC21600CE266F /* Debug */,
				9667497320ABC21600CE266F /* Release */,
			);
			defaultConfigurationIsVisible = 0;
			defaultConfigurationName = Release;
		};
		9667497420ABC21600CE266F /* Build configuration list for PBXNativeTarget "MakeupTests" */ = {
			isa = XCConfigurationList;
			buildConfigurations = (
				9667497520ABC21600CE266F /* Debug */,
				9667497620ABC21600CE266F /* Release */,
			);
			defaultConfigurationIsVisible = 0;
			defaultConfigurationName = Release;
		};
		9667497720ABC21600CE266F /* Build configuration list for PBXNativeTarget "MakeupUITests" */ = {
			isa = XCConfigurationList;
			buildConfigurations = (
				9667497820ABC21600CE266F /* Debug */,
				9667497920ABC21600CE266F /* Release */,
			);
			defaultConfigurationIsVisible = 0;
			defaultConfigurationName = Release;
		};
/* End XCConfigurationList section */

/* Begin XCVersionGroup section */
		9667495020ABC21500CE266F /* Makeup.xcdatamodeld */ = {
			isa = XCVersionGroup;
			children = (
				9667495120ABC21500CE266F /* Makeup.xcdatamodel */,
			);
			currentVersion = 9667495120ABC21500CE266F /* Makeup.xcdatamodel */;
			path = Makeup.xcdatamodeld;
			sourceTree = "<group>";
			versionGroupType = wrapper.xcdatamodel;
		};
/* End XCVersionGroup section */
	};
	rootObject = 9667493E20ABC21500CE266F /* Project object */;
}
